# This file is autogenerated, do not edit; changes may be undone by the next 'dep ensure'.


[[projects]]
  name = "github.com/gofrs/uuid"
  packages = ["."]
  revision = "370558f003bfe29580cd0f698d8640daccdcc45c"
  version = "v3.1.1"

[solve-meta]
  analyzer-name = "dep"
  analyzer-version = 1
  inputs-digest = "1b472b7144e022ee6ae6a6bf4f8cbb3beaa51b6596da6cc35bd8310ad8979c3c"
  solver-name = "gps-cdcl"
  solver-version = 1
